
Microsoft Visual Studio Solution File, Format Version 12.00
# Visual Studio Version 16
VisualStudioVersion = 16.0.809.0
MinimumVisualStudioVersion = 10.0.40219.1
Project("{FAE04EC0-301F-11D3-BF4B-00C04F79EFBC}") = "SPP_1", "SPP_1\SPP_1.csproj", "{75FDA125-C71E-4858-A341-BAF50D20A074}"
EndProject
Global
	GlobalSection(SolutionConfigurationPlatforms) = preSolution
		Debug|Any CPU = Debug|Any CPU
		Release|Any CPU = Release|Any CPU
	EndGlobalSection
	GlobalSection(ProjectConfigurationPlatforms) = postSolution
		{75FDA125-C71E-4858-A341-BAF50D20A074}.Debug|Any CPU.ActiveCfg = Debug|Any CPU
		{75FDA125-C71E-4858-A341-BAF50D20A074}.Debug|Any CPU.Build.0 = Debug|Any CPU
		{75FDA125-C71E-4858-A341-BAF50D20A074}.Release|Any CPU.ActiveCfg = Release|Any CPU
		{75FDA125-C71E-4858-A341-BAF50D20A074}.Release|Any CPU.Build.0 = Release|Any CPU
	EndGlobalSection
	GlobalSection(SolutionProperties) = preSolution
		HideSolutionNode = FALSE
	EndGlobalSection
	GlobalSection(ExtensibilityGlobals) = postSolution
		SolutionGuid = {7EE2B772-DD8D-447C-9EA3-5AA6211F58B2}
	EndGlobalSection
EndGlobal
