
Microsoft Visual Studio Solution File, Format Version 12.00
# Visual Studio Version 16
VisualStudioVersion = 16.0.809.0
MinimumVisualStudioVersion = 10.0.40219.1
Project("{FAE04EC0-301F-11D3-BF4B-00C04F79EFBC}") = "SPP_3", "SPP_3\SPP_3.csproj", "{0DBE9F19-E077-4208-9ADD-18D828EE2634}"
EndProject
Global
	GlobalSection(SolutionConfigurationPlatforms) = preSolution
		Debug|Any CPU = Debug|Any CPU
		Release|Any CPU = Release|Any CPU
	EndGlobalSection
	GlobalSection(ProjectConfigurationPlatforms) = postSolution
		{0DBE9F19-E077-4208-9ADD-18D828EE2634}.Debug|Any CPU.ActiveCfg = Debug|Any CPU
		{0DBE9F19-E077-4208-9ADD-18D828EE2634}.Debug|Any CPU.Build.0 = Debug|Any CPU
		{0DBE9F19-E077-4208-9ADD-18D828EE2634}.Release|Any CPU.ActiveCfg = Release|Any CPU
		{0DBE9F19-E077-4208-9ADD-18D828EE2634}.Release|Any CPU.Build.0 = Release|Any CPU
	EndGlobalSection
	GlobalSection(SolutionProperties) = preSolution
		HideSolutionNode = FALSE
	EndGlobalSection
	GlobalSection(ExtensibilityGlobals) = postSolution
		SolutionGuid = {92334CF7-1DB4-4F65-B121-835DE427C160}
	EndGlobalSection
EndGlobal
