
Microsoft Visual Studio Solution File, Format Version 12.00
# Visual Studio Version 16
VisualStudioVersion = 16.0.809.0
MinimumVisualStudioVersion = 10.0.40219.1
Project("{FAE04EC0-301F-11D3-BF4B-00C04F79EFBC}") = "SPP_2", "SPP_2\SPP_2.csproj", "{EDE589EC-2842-4E94-981E-F06231C88372}"
EndProject
Global
	GlobalSection(SolutionConfigurationPlatforms) = preSolution
		Debug|Any CPU = Debug|Any CPU
		Release|Any CPU = Release|Any CPU
	EndGlobalSection
	GlobalSection(ProjectConfigurationPlatforms) = postSolution
		{EDE589EC-2842-4E94-981E-F06231C88372}.Debug|Any CPU.ActiveCfg = Debug|Any CPU
		{EDE589EC-2842-4E94-981E-F06231C88372}.Debug|Any CPU.Build.0 = Debug|Any CPU
		{EDE589EC-2842-4E94-981E-F06231C88372}.Release|Any CPU.ActiveCfg = Release|Any CPU
		{EDE589EC-2842-4E94-981E-F06231C88372}.Release|Any CPU.Build.0 = Release|Any CPU
	EndGlobalSection
	GlobalSection(SolutionProperties) = preSolution
		HideSolutionNode = FALSE
	EndGlobalSection
	GlobalSection(ExtensibilityGlobals) = postSolution
		SolutionGuid = {74529194-443C-4474-AE1E-D29C9A3DB2E6}
	EndGlobalSection
EndGlobal
