
Microsoft Visual Studio Solution File, Format Version 12.00
# Visual Studio Version 16
VisualStudioVersion = 16.0.810.14
MinimumVisualStudioVersion = 10.0.40219.1
Project("{FAE04EC0-301F-11D3-BF4B-00C04F79EFBC}") = "SPP_7", "SPP_7\SPP_7.csproj", "{AE6C81F7-9E27-409C-954C-C66DF875364D}"
EndProject
Global
	GlobalSection(SolutionConfigurationPlatforms) = preSolution
		Debug|Any CPU = Debug|Any CPU
		Release|Any CPU = Release|Any CPU
	EndGlobalSection
	GlobalSection(ProjectConfigurationPlatforms) = postSolution
		{AE6C81F7-9E27-409C-954C-C66DF875364D}.Debug|Any CPU.ActiveCfg = Debug|Any CPU
		{AE6C81F7-9E27-409C-954C-C66DF875364D}.Debug|Any CPU.Build.0 = Debug|Any CPU
		{AE6C81F7-9E27-409C-954C-C66DF875364D}.Release|Any CPU.ActiveCfg = Release|Any CPU
		{AE6C81F7-9E27-409C-954C-C66DF875364D}.Release|Any CPU.Build.0 = Release|Any CPU
	EndGlobalSection
	GlobalSection(SolutionProperties) = preSolution
		HideSolutionNode = FALSE
	EndGlobalSection
	GlobalSection(ExtensibilityGlobals) = postSolution
		SolutionGuid = {49A3AAEB-284F-4695-AF15-0176907F7A91}
	EndGlobalSection
EndGlobal
